
Microsoft Visual Studio Solution File, Format Version 12.00
# Visual Studio 15
VisualStudioVersion = 15.0.28307.1022
MinimumVisualStudioVersion = 10.0.40219.1
Project("{FAE04EC0-301F-11D3-BF4B-00C04F79EFBC}") = "TaaMgr", "TaaMgr.csproj", "{4ECF72A6-8E1A-468C-9196-EA3CFD32D793}"
EndProject
Project("{FAE04EC0-301F-11D3-BF4B-00C04F79EFBC}") = "SShLogin", "..\SshLogin\SShLogin.csproj", "{BB62288D-01A6-418A-B556-C1713CAEEFB6}"
EndProject
Project("{FAE04EC0-301F-11D3-BF4B-00C04F79EFBC}") = "TaaConf", "TaaConf\TaaConf.csproj", "{A99514F1-11F8-4654-86AD-1E513774707D}"
EndProject
Global
	GlobalSection(SolutionConfigurationPlatforms) = preSolution
		Debug|Any CPU = Debug|Any CPU
		Release|Any CPU = Release|Any CPU
	EndGlobalSection
	GlobalSection(ProjectConfigurationPlatforms) = postSolution
		{4ECF72A6-8E1A-468C-9196-EA3CFD32D793}.Debug|Any CPU.ActiveCfg = Debug|Any CPU
		{4ECF72A6-8E1A-468C-9196-EA3CFD32D793}.Debug|Any CPU.Build.0 = Debug|Any CPU
		{4ECF72A6-8E1A-468C-9196-EA3CFD32D793}.Release|Any CPU.ActiveCfg = Release|Any CPU
		{4ECF72A6-8E1A-468C-9196-EA3CFD32D793}.Release|Any CPU.Build.0 = Release|Any CPU
		{BB62288D-01A6-418A-B556-C1713CAEEFB6}.Debug|Any CPU.ActiveCfg = Debug|Any CPU
		{BB62288D-01A6-418A-B556-C1713CAEEFB6}.Debug|Any CPU.Build.0 = Debug|Any CPU
		{BB62288D-01A6-418A-B556-C1713CAEEFB6}.Release|Any CPU.ActiveCfg = Release|Any CPU
		{BB62288D-01A6-418A-B556-C1713CAEEFB6}.Release|Any CPU.Build.0 = Release|Any CPU
		{A99514F1-11F8-4654-86AD-1E513774707D}.Debug|Any CPU.ActiveCfg = Debug|Any CPU
		{A99514F1-11F8-4654-86AD-1E513774707D}.Debug|Any CPU.Build.0 = Debug|Any CPU
		{A99514F1-11F8-4654-86AD-1E513774707D}.Release|Any CPU.ActiveCfg = Release|Any CPU
		{A99514F1-11F8-4654-86AD-1E513774707D}.Release|Any CPU.Build.0 = Release|Any CPU
	EndGlobalSection
	GlobalSection(SolutionProperties) = preSolution
		HideSolutionNode = FALSE
	EndGlobalSection
	GlobalSection(ExtensibilityGlobals) = postSolution
		SolutionGuid = {2AEC2B1C-0FF3-4957-9853-3885C3F6B9C0}
	EndGlobalSection
EndGlobal
